// !$*UTF8*$!
{
	archiveVersion = 1;
	classes = {
	};
	objectVersion = 55;
	objects = {

/* Begin PBXBuildFile section */
		F15BE6102863183800B1C8DF /* MemorizeApp.swift in Sources */ = {isa = PBXBuildFile; fileRef = F15BE60F2863183800B1C8DF /* MemorizeApp.swift */; };
		F15BE6122863183800B1C8DF /* CollectionView.swift in Sources */ = {isa = PBXBuildFile; fileRef = F15BE6112863183800B1C8DF /* CollectionView.swift */; };
		F15BE6142863183A00B1C8DF /* Assets.xcassets in Resources */ = {isa = PBXBuildFile; fileRef = F15BE6132863183A00B1C8DF /* Assets.xcassets */; };
		F15BE6172863183A00B1C8DF /* Preview Assets.xcassets in Resources */ = {isa = PBXBuildFile; fileRef = F15BE6162863183A00B1C8DF /* Preview Assets.xcassets */; };
		F15BE6212863248C00B1C8DF /* Card.swift in Sources */ = {isa = PBXBuildFile; fileRef = F15BE6202863248C00B1C8DF /* Card.swift */; };
		F15BE62328634B2D00B1C8DF /* Collection.swift in Sources */ = {isa = PBXBuildFile; fileRef = F15BE62228634B2D00B1C8DF /* Collection.swift */; };
		F15BE6282863603E00B1C8DF /* collectionControler.swift in Sources */ = {isa = PBXBuildFile; fileRef = F15BE6272863603E00B1C8DF /* collectionControler.swift */; };
		F15BE62C2863674D00B1C8DF /* OutOfIndexExeption.swift in Sources */ = {isa = PBXBuildFile; fileRef = F15BE62B2863674D00B1C8DF /* OutOfIndexExeption.swift */; };
		F15BE6382864669F00B1C8DF /* MemorizeTests.swift in Sources */ = {isa = PBXBuildFile; fileRef = F15BE6372864669F00B1C8DF /* MemorizeTests.swift */; };
		F15BE6402864700A00B1C8DF /* TestContentView.swift in Sources */ = {isa = PBXBuildFile; fileRef = F15BE63F2864700A00B1C8DF /* TestContentView.swift */; };
/* End PBXBuildFile section */

/* Begin PBXContainerItemProxy section */
		F15BE6392864669F00B1C8DF /* PBXContainerItemProxy */ = {
			isa = PBXContainerItemProxy;
			containerPortal = F15BE6042863183800B1C8DF /* Project object */;
			proxyType = 1;
			remoteGlobalIDString = F15BE60B2863183800B1C8DF;
			remoteInfo = Memorize;
		};
/* End PBXContainerItemProxy section */

/* Begin PBXFileReference section */
		F15BE60C2863183800B1C8DF /* Memorize.app */ = {isa = PBXFileReference; explicitFileType = wrapper.application; includeInIndex = 0; path = Memorize.app; sourceTree = BUILT_PRODUCTS_DIR; };
		F15BE60F2863183800B1C8DF /* MemorizeApp.swift */ = {isa = PBXFileReference; lastKnownFileType = sourcecode.swift; path = MemorizeApp.swift; sourceTree = "<group>"; };
		F15BE6112863183800B1C8DF /* CollectionView.swift */ = {isa = PBXFileReference; lastKnownFileType = sourcecode.swift; path = CollectionView.swift; sourceTree = "<group>"; };
		F15BE6132863183A00B1C8DF /* Assets.xcassets */ = {isa = PBXFileReference; lastKnownFileType = folder.assetcatalog; path = Assets.xcassets; sourceTree = "<group>"; };
		F15BE6162863183A00B1C8DF /* Preview Assets.xcassets */ = {isa = PBXFileReference; lastKnownFileType = folder.assetcatalog; path = "Preview Assets.xcassets"; sourceTree = "<group>"; };
		F15BE6202863248C00B1C8DF /* Card.swift */ = {isa = PBXFileReference; lastKnownFileType = sourcecode.swift; path = Card.swift; sourceTree = "<group>"; };
		F15BE62228634B2D00B1C8DF /* Collection.swift */ = {isa = PBXFileReference; lastKnownFileType = sourcecode.swift; path = Collection.swift; sourceTree = "<group>"; };
		F15BE6272863603E00B1C8DF /* collectionControler.swift */ = {isa = PBXFileReference; lastKnownFileType = sourcecode.swift; path = collectionControler.swift; sourceTree = "<group>"; };
		F15BE62B2863674D00B1C8DF /* OutOfIndexExeption.swift */ = {isa = PBXFileReference; lastKnownFileType = sourcecode.swift; path = OutOfIndexExeption.swift; sourceTree = "<group>"; };
		F15BE6352864669F00B1C8DF /* MemorizeTests.xctest */ = {isa = PBXFileReference; explicitFileType = wrapper.cfbundle; includeInIndex = 0; path = MemorizeTests.xctest; sourceTree = BUILT_PRODUCTS_DIR; };
		F15BE6372864669F00B1C8DF /* MemorizeTests.swift */ = {isa = PBXFileReference; lastKnownFileType = sourcecode.swift; path = MemorizeTests.swift; sourceTree = "<group>"; };
		F15BE63F2864700A00B1C8DF /* TestContentView.swift */ = {isa = PBXFileReference; lastKnownFileType = sourcecode.swift; path = TestContentView.swift; sourceTree = "<group>"; };
/* End PBXFileReference section */

/* Begin PBXFrameworksBuildPhase section */
		F15BE6092863183800B1C8DF /* Frameworks */ = {
			isa = PBXFrameworksBuildPhase;
			buildActionMask = 2147483647;
			files = (
			);
			runOnlyForDeploymentPostprocessing = 0;
		};
		F15BE6322864669F00B1C8DF /* Frameworks */ = {
			isa = PBXFrameworksBuildPhase;
			buildActionMask = 2147483647;
			files = (
			);
			runOnlyForDeploymentPostprocessing = 0;
		};
/* End PBXFrameworksBuildPhase section */

/* Begin PBXGroup section */
		F15BE6032863183800B1C8DF = {
			isa = PBXGroup;
			children = (
				F15BE63E28646FE800B1C8DF /* Tests */,
				F15BE60E2863183800B1C8DF /* Memorize */,
				F15BE6362864669F00B1C8DF /* MemorizeTests */,
				F15BE60D2863183800B1C8DF /* Products */,
			);
			sourceTree = "<group>";
		};
		F15BE60D2863183800B1C8DF /* Products */ = {
			isa = PBXGroup;
			children = (
				F15BE60C2863183800B1C8DF /* Memorize.app */,
				F15BE6352864669F00B1C8DF /* MemorizeTests.xctest */,
			);
			name = Products;
			sourceTree = "<group>";
		};
		F15BE60E2863183800B1C8DF /* Memorize */ = {
			isa = PBXGroup;
			children = (
				F15BE6292863672000B1C8DF /* Error */,
				F15BE61F2863189000B1C8DF /* Controller */,
				F15BE61E2863188900B1C8DF /* View */,
				F15BE61D2863188000B1C8DF /* Model */,
				F15BE60F2863183800B1C8DF /* MemorizeApp.swift */,
				F15BE6132863183A00B1C8DF /* Assets.xcassets */,
				F15BE6152863183A00B1C8DF /* Preview Content */,
			);
			path = Memorize;
			sourceTree = "<group>";
		};
		F15BE6152863183A00B1C8DF /* Preview Content */ = {
			isa = PBXGroup;
			children = (
				F15BE6162863183A00B1C8DF /* Preview Assets.xcassets */,
			);
			path = "Preview Content";
			sourceTree = "<group>";
		};
		F15BE61D2863188000B1C8DF /* Model */ = {
			isa = PBXGroup;
			children = (
				F15BE6202863248C00B1C8DF /* Card.swift */,
				F15BE62228634B2D00B1C8DF /* Collection.swift */,
			);
			path = Model;
			sourceTree = "<group>";
		};
		F15BE61E2863188900B1C8DF /* View */ = {
			isa = PBXGroup;
			children = (
				F15BE6112863183800B1C8DF /* CollectionView.swift */,
			);
			path = View;
			sourceTree = "<group>";
		};
		F15BE61F2863189000B1C8DF /* Controller */ = {
			isa = PBXGroup;
			children = (
				F15BE6272863603E00B1C8DF /* collectionControler.swift */,
			);
			path = Controller;
			sourceTree = "<group>";
		};
		F15BE6292863672000B1C8DF /* Error */ = {
			isa = PBXGroup;
			children = (
				F15BE62B2863674D00B1C8DF /* OutOfIndexExeption.swift */,
			);
			path = Error;
			sourceTree = "<group>";
		};
		F15BE6362864669F00B1C8DF /* MemorizeTests */ = {
			isa = PBXGroup;
			children = (
				F15BE6372864669F00B1C8DF /* MemorizeTests.swift */,
			);
			path = MemorizeTests;
			sourceTree = "<group>";
		};
		F15BE63E28646FE800B1C8DF /* Tests */ = {
			isa = PBXGroup;
			children = (
				F15BE63F2864700A00B1C8DF /* TestContentView.swift */,
			);
			path = Tests;
			sourceTree = "<group>";
		};
/* End PBXGroup section */

/* Begin PBXNativeTarget section */
		F15BE60B2863183800B1C8DF /* Memorize */ = {
			isa = PBXNativeTarget;
			buildConfigurationList = F15BE61A2863183A00B1C8DF /* Build configuration list for PBXNativeTarget "Memorize" */;
			buildPhases = (
				F15BE6082863183800B1C8DF /* Sources */,
				F15BE6092863183800B1C8DF /* Frameworks */,
				F15BE60A2863183800B1C8DF /* Resources */,
			);
			buildRules = (
			);
			dependencies = (
			);
			name = Memorize;
			productName = Memorize;
			productReference = F15BE60C2863183800B1C8DF /* Memorize.app */;
			productType = "com.apple.product-type.application";
		};
		F15BE6342864669F00B1C8DF /* MemorizeTests */ = {
			isa = PBXNativeTarget;
			buildConfigurationList = F15BE63B2864669F00B1C8DF /* Build configuration list for PBXNativeTarget "MemorizeTests" */;
			buildPhases = (
				F15BE6312864669F00B1C8DF /* Sources */,
				F15BE6322864669F00B1C8DF /* Frameworks */,
				F15BE6332864669F00B1C8DF /* Resources */,
			);
			buildRules = (
			);
			dependencies = (
				F15BE63A2864669F00B1C8DF /* PBXTargetDependency */,
			);
			name = MemorizeTests;
			productName = MemorizeTests;
			productReference = F15BE6352864669F00B1C8DF /* MemorizeTests.xctest */;
			productType = "com.apple.product-type.bundle.unit-test";
		};
/* End PBXNativeTarget section */

/* Begin PBXProject section */
		F15BE6042863183800B1C8DF /* Project object */ = {
			isa = PBXProject;
			attributes = {
				BuildIndependentTargetsInParallel = 1;
				LastSwiftUpdateCheck = 1340;
				LastUpgradeCheck = 1340;
				TargetAttributes = {
					F15BE60B2863183800B1C8DF = {
						CreatedOnToolsVersion = 13.4.1;
					};
					F15BE6342864669F00B1C8DF = {
						CreatedOnToolsVersion = 13.4.1;
						TestTargetID = F15BE60B2863183800B1C8DF;
					};
				};
			};
			buildConfigurationList = F15BE6072863183800B1C8DF /* Build configuration list for PBXProject "Memorize" */;
			compatibilityVersion = "Xcode 13.0";
			developmentRegion = en;
			hasScannedForEncodings = 0;
			knownRegions = (
				en,
				Base,
			);
			mainGroup = F15BE6032863183800B1C8DF;
			productRefGroup = F15BE60D2863183800B1C8DF /* Products */;
			projectDirPath = "";
			projectRoot = "";
			targets = (
				F15BE60B2863183800B1C8DF /* Memorize */,
				F15BE6342864669F00B1C8DF /* MemorizeTests */,
			);
		};
/* End PBXProject section */

/* Begin PBXResourcesBuildPhase section */
		F15BE60A2863183800B1C8DF /* Resources */ = {
			isa = PBXResourcesBuildPhase;
			buildActionMask = 2147483647;
			files = (
				F15BE6172863183A00B1C8DF /* Preview Assets.xcassets in Resources */,
				F15BE6142863183A00B1C8DF /* Assets.xcassets in Resources */,
			);
			runOnlyForDeploymentPostprocessing = 0;
		};
		F15BE6332864669F00B1C8DF /* Resources */ = {
			isa = PBXResourcesBuildPhase;
			buildActionMask = 2147483647;
			files = (
			);
			runOnlyForDeploymentPostprocessing = 0;
		};
/* End PBXResourcesBuildPhase section */

/* Begin PBXSourcesBuildPhase section */
		F15BE6082863183800B1C8DF /* Sources */ = {
			isa = PBXSourcesBuildPhase;
			buildActionMask = 2147483647;
			files = (
				F15BE6122863183800B1C8DF /* CollectionView.swift in Sources */,
				F15BE6212863248C00B1C8DF /* Card.swift in Sources */,
				F15BE6102863183800B1C8DF /* MemorizeApp.swift in Sources */,
				F15BE62C2863674D00B1C8DF /* OutOfIndexExeption.swift in Sources */,
				F15BE6282863603E00B1C8DF /* collectionControler.swift in Sources */,
				F15BE62328634B2D00B1C8DF /* Collection.swift in Sources */,
				F15BE6402864700A00B1C8DF /* TestContentView.swift in Sources */,
			);
			runOnlyForDeploymentPostprocessing = 0;
		};
		F15BE6312864669F00B1C8DF /* Sources */ = {
			isa = PBXSourcesBuildPhase;
			buildActionMask = 2147483647;
			files = (
				F15BE6382864669F00B1C8DF /* MemorizeTests.swift in Sources */,
			);
			runOnlyForDeploymentPostprocessing = 0;
		};
/* End PBXSourcesBuildPhase section */

/* Begin PBXTargetDependency section */
		F15BE63A2864669F00B1C8DF /* PBXTargetDependency */ = {
			isa = PBXTargetDependency;
			target = F15BE60B2863183800B1C8DF /* Memorize */;
			targetProxy = F15BE6392864669F00B1C8DF /* PBXContainerItemProxy */;
		};
/* End PBXTargetDependency section */

/* Begin XCBuildConfiguration section */
		F15BE6182863183A00B1C8DF /* Debug */ = {
			isa = XCBuildConfiguration;
			buildSettings = {
				ALWAYS_SEARCH_USER_PATHS = NO;
				CLANG_ANALYZER_NONNULL = YES;
				CLANG_ANALYZER_NUMBER_OBJECT_CONVERSION = YES_AGGRESSIVE;
				CLANG_CXX_LANGUAGE_STANDARD = "gnu++17";
				CLANG_ENABLE_MODULES = YES;
				CLANG_ENABLE_OBJC_ARC = YES;
				CLANG_ENABLE_OBJC_WEAK = YES;
				CLANG_WARN_BLOCK_CAPTURE_AUTORELEASING = YES;
				CLANG_WARN_BOOL_CONVERSION = YES;
				CLANG_WARN_COMMA = YES;
				CLANG_WARN_CONSTANT_CONVERSION = YES;
				CLANG_WARN_DEPRECATED_OBJC_IMPLEMENTATIONS = YES;
				CLANG_WARN_DIRECT_OBJC_ISA_USAGE = YES_ERROR;
				CLANG_WARN_DOCUMENTATION_COMMENTS = YES;
				CLANG_WARN_EMPTY_BODY = YES;
				CLANG_WARN_ENUM_CONVERSION = YES;
				CLANG_WARN_INFINITE_RECURSION = YES;
				CLANG_WARN_INT_CONVERSION = YES;
				CLANG_WARN_NON_LITERAL_NULL_CONVERSION = YES;
				CLANG_WARN_OBJC_IMPLICIT_RETAIN_SELF = YES;
				CLANG_WARN_OBJC_LITERAL_CONVERSION = YES;
				CLANG_WARN_OBJC_ROOT_CLASS = YES_ERROR;
				CLANG_WARN_QUOTED_INCLUDE_IN_FRAMEWORK_HEADER = YES;
				CLANG_WARN_RANGE_LOOP_ANALYSIS = YES;
				CLANG_WARN_STRICT_PROTOTYPES = YES;
				CLANG_WARN_SUSPICIOUS_MOVE = YES;
				CLANG_WARN_UNGUARDED_AVAILABILITY = YES_AGGRESSIVE;
				CLANG_WARN_UNREACHABLE_CODE = YES;
				CLANG_WARN__DUPLICATE_METHOD_MATCH = YES;
				COPY_PHASE_STRIP = NO;
				DEBUG_INFORMATION_FORMAT = dwarf;
				ENABLE_STRICT_OBJC_MSGSEND = YES;
				ENABLE_TESTABILITY = YES;
				GCC_C_LANGUAGE_STANDARD = gnu11;
				GCC_DYNAMIC_NO_PIC = NO;
				GCC_NO_COMMON_BLOCKS = YES;
				GCC_OPTIMIZATION_LEVEL = 0;
				GCC_PREPROCESSOR_DEFINITIONS = (
					"DEBUG=1",
					"$(inherited)",
				);
				GCC_WARN_64_TO_32_BIT_CONVERSION = YES;
				GCC_WARN_ABOUT_RETURN_TYPE = YES_ERROR;
				GCC_WARN_UNDECLARED_SELECTOR = YES;
				GCC_WARN_UNINITIALIZED_AUTOS = YES_AGGRESSIVE;
				GCC_WARN_UNUSED_FUNCTION = YES;
				GCC_WARN_UNUSED_VARIABLE = YES;
				IPHONEOS_DEPLOYMENT_TARGET = 15.0;
				MTL_ENABLE_DEBUG_INFO = INCLUDE_SOURCE;
				MTL_FAST_MATH = YES;
				ONLY_ACTIVE_ARCH = YES;
				SDKROOT = iphoneos;
				SWIFT_ACTIVE_COMPILATION_CONDITIONS = DEBUG;
				SWIFT_OPTIMIZATION_LEVEL = "-Onone";
			};
			name = Debug;
		};
		F15BE6192863183A00B1C8DF /* Release */ = {
			isa = XCBuildConfiguration;
			buildSettings = {
				ALWAYS_SEARCH_USER_PATHS = NO;
				CLANG_ANALYZER_NONNULL = YES;
				CLANG_ANALYZER_NUMBER_OBJECT_CONVERSION = YES_AGGRESSIVE;
				CLANG_CXX_LANGUAGE_STANDARD = "gnu++17";
				CLANG_ENABLE_MODULES = YES;
				CLANG_ENABLE_OBJC_ARC = YES;
				CLANG_ENABLE_OBJC_WEAK = YES;
				CLANG_WARN_BLOCK_CAPTURE_AUTORELEASING = YES;
				CLANG_WARN_BOOL_CONVERSION = YES;
				CLANG_WARN_COMMA = YES;
				CLANG_WARN_CONSTANT_CONVERSION = YES;
				CLANG_WARN_DEPRECATED_OBJC_IMPLEMENTATIONS = YES;
				CLANG_WARN_DIRECT_OBJC_ISA_USAGE = YES_ERROR;
				CLANG_WARN_DOCUMENTATION_COMMENTS = YES;
				CLANG_WARN_EMPTY_BODY = YES;
				CLANG_WARN_ENUM_CONVERSION = YES;
				CLANG_WARN_INFINITE_RECURSION = YES;
				CLANG_WARN_INT_CONVERSION = YES;
				CLANG_WARN_NON_LITERAL_NULL_CONVERSION = YES;
				CLANG_WARN_OBJC_IMPLICIT_RETAIN_SELF = YES;
				CLANG_WARN_OBJC_LITERAL_CONVERSION = YES;
				CLANG_WARN_OBJC_ROOT_CLASS = YES_ERROR;
				CLANG_WARN_QUOTED_INCLUDE_IN_FRAMEWORK_HEADER = YES;
				CLANG_WARN_RANGE_LOOP_ANALYSIS = YES;
				CLANG_WARN_STRICT_PROTOTYPES = YES;
				CLANG_WARN_SUSPICIOUS_MOVE = YES;
				CLANG_WARN_UNGUARDED_AVAILABILITY = YES_AGGRESSIVE;
				CLANG_WARN_UNREACHABLE_CODE = YES;
				CLANG_WARN__DUPLICATE_METHOD_MATCH = YES;
				COPY_PHASE_STRIP = NO;
				DEBUG_INFORMATION_FORMAT = "dwarf-with-dsym";
				ENABLE_NS_ASSERTIONS = NO;
				ENABLE_STRICT_OBJC_MSGSEND = YES;
				GCC_C_LANGUAGE_STANDARD = gnu11;
				GCC_NO_COMMON_BLOCKS = YES;
				GCC_WARN_64_TO_32_BIT_CONVERSION = YES;
				GCC_WARN_ABOUT_RETURN_TYPE = YES_ERROR;
				GCC_WARN_UNDECLARED_SELECTOR = YES;
				GCC_WARN_UNINITIALIZED_AUTOS = YES_AGGRESSIVE;
				GCC_WARN_UNUSED_FUNCTION = YES;
				GCC_WARN_UNUSED_VARIABLE = YES;
				IPHONEOS_DEPLOYMENT_TARGET = 15.0;
				MTL_ENABLE_DEBUG_INFO = NO;
				MTL_FAST_MATH = YES;
				SDKROOT = iphoneos;
				SWIFT_COMPILATION_MODE = wholemodule;
				SWIFT_OPTIMIZATION_LEVEL = "-O";
				VALIDATE_PRODUCT = YES;
			};
			name = Release;
		};
		F15BE61B2863183A00B1C8DF /* Debug */ = {
			isa = XCBuildConfiguration;
			buildSettings = {
				ASSETCATALOG_COMPILER_APPICON_NAME = AppIcon;
				ASSETCATALOG_COMPILER_GLOBAL_ACCENT_COLOR_NAME = AccentColor;
				CODE_SIGN_STYLE = Automatic;
				CURRENT_PROJECT_VERSION = 1;
				DEVELOPMENT_ASSET_PATHS = "\"Memorize/Preview Content\"";
				DEVELOPMENT_TEAM = 72948N872F;
				ENABLE_PREVIEWS = YES;
				GENERATE_INFOPLIST_FILE = YES;
				INFOPLIST_KEY_UIApplicationSceneManifest_Generation = YES;
				INFOPLIST_KEY_UIApplicationSupportsIndirectInputEvents = YES;
				INFOPLIST_KEY_UILaunchScreen_Generation = YES;
				INFOPLIST_KEY_UISupportedInterfaceOrientations_iPad = "UIInterfaceOrientationPortrait UIInterfaceOrientationPortraitUpsideDown UIInterfaceOrientationLandscapeLeft UIInterfaceOrientationLandscapeRight";
				INFOPLIST_KEY_UISupportedInterfaceOrientations_iPhone = "UIInterfaceOrientationPortrait UIInterfaceOrientationLandscapeLeft UIInterfaceOrientationLandscapeRight";
				LD_RUNPATH_SEARCH_PATHS = (
					"$(inherited)",
					"@executable_path/Frameworks",
				);
				MARKETING_VERSION = 1.0;
				PRODUCT_BUNDLE_IDENTIFIER = com.robis.Memorize;
				PRODUCT_NAME = "$(TARGET_NAME)";
				SWIFT_EMIT_LOC_STRINGS = YES;
				SWIFT_VERSION = 5.0;
				TARGETED_DEVICE_FAMILY = "1,2";
			};
			name = Debug;
		};
		F15BE61C2863183A00B1C8DF /* Release */ = {
			isa = XCBuildConfiguration;
			buildSettings = {
				ASSETCATALOG_COMPILER_APPICON_NAME = AppIcon;
				ASSETCATALOG_COMPILER_GLOBAL_ACCENT_COLOR_NAME = AccentColor;
				CODE_SIGN_STYLE = Automatic;
				CURRENT_PROJECT_VERSION = 1;
				DEVELOPMENT_ASSET_PATHS = "\"Memorize/Preview Content\"";
				DEVELOPMENT_TEAM = 72948N872F;
				ENABLE_PREVIEWS = YES;
				GENERATE_INFOPLIST_FILE = YES;
				INFOPLIST_KEY_UIApplicationSceneManifest_Generation = YES;
				INFOPLIST_KEY_UIApplicationSupportsIndirectInputEvents = YES;
				INFOPLIST_KEY_UILaunchScreen_Generation = YES;
				INFOPLIST_KEY_UISupportedInterfaceOrientations_iPad = "UIInterfaceOrientationPortrait UIInterfaceOrientationPortraitUpsideDown UIInterfaceOrientationLandscapeLeft UIInterfaceOrientationLandscapeRight";
				INFOPLIST_KEY_UISupportedInterfaceOrientations_iPhone = "UIInterfaceOrientationPortrait UIInterfaceOrientationLandscapeLeft UIInterfaceOrientationLandscapeRight";
				LD_RUNPATH_SEARCH_PATHS = (
					"$(inherited)",
					"@executable_path/Frameworks",
				);
				MARKETING_VERSION = 1.0;
				PRODUCT_BUNDLE_IDENTIFIER = com.robis.Memorize;
				PRODUCT_NAME = "$(TARGET_NAME)";
				SWIFT_EMIT_LOC_STRINGS = YES;
				SWIFT_VERSION = 5.0;
				TARGETED_DEVICE_FAMILY = "1,2";
			};
			name = Release;
		};
		F15BE63C2864669F00B1C8DF /* Debug */ = {
			isa = XCBuildConfiguration;
			buildSettings = {
				BUNDLE_LOADER = "$(TEST_HOST)";
				CODE_SIGN_STYLE = Automatic;
				CURRENT_PROJECT_VERSION = 1;
				DEVELOPMENT_TEAM = 72948N872F;
				GENERATE_INFOPLIST_FILE = YES;
				IPHONEOS_DEPLOYMENT_TARGET = 15.5;
				MARKETING_VERSION = 1.0;
				PRODUCT_BUNDLE_IDENTIFIER = com.robis.MemorizeTests;
				PRODUCT_NAME = "$(TARGET_NAME)";
				SWIFT_EMIT_LOC_STRINGS = NO;
				SWIFT_VERSION = 5.0;
				TARGETED_DEVICE_FAMILY = "1,2";
				TEST_HOST = "$(BUILT_PRODUCTS_DIR)/Memorize.app/Memorize";
			};
			name = Debug;
		};
		F15BE63D2864669F00B1C8DF /* Release */ = {
			isa = XCBuildConfiguration;
			buildSettings = {
				BUNDLE_LOADER = "$(TEST_HOST)";
				CODE_SIGN_STYLE = Automatic;
				CURRENT_PROJECT_VERSION = 1;
				DEVELOPMENT_TEAM = 72948N872F;
				GENERATE_INFOPLIST_FILE = YES;
				IPHONEOS_DEPLOYMENT_TARGET = 15.5;
				MARKETING_VERSION = 1.0;
				PRODUCT_BUNDLE_IDENTIFIER = com.robis.MemorizeTests;
				PRODUCT_NAME = "$(TARGET_NAME)";
				SWIFT_EMIT_LOC_STRINGS = NO;
				SWIFT_VERSION = 5.0;
				TARGETED_DEVICE_FAMILY = "1,2";
				TEST_HOST = "$(BUILT_PRODUCTS_DIR)/Memorize.app/Memorize";
			};
			name = Release;
		};
/* End XCBuildConfiguration section */

/* Begin XCConfigurationList section */
		F15BE6072863183800B1C8DF /* Build configuration list for PBXProject "Memorize" */ = {
			isa = XCConfigurationList;
			buildConfigurations = (
				F15BE6182863183A00B1C8DF /* Debug */,
				F15BE6192863183A00B1C8DF /* Release */,
			);
			defaultConfigurationIsVisible = 0;
			defaultConfigurationName = Release;
		};
		F15BE61A2863183A00B1C8DF /* Build configuration list for PBXNativeTarget "Memorize" */ = {
			isa = XCConfigurationList;
			buildConfigurations = (
				F15BE61B2863183A00B1C8DF /* Debug */,
				F15BE61C2863183A00B1C8DF /* Release */,
			);
			defaultConfigurationIsVisible = 0;
			defaultConfigurationName = Release;
		};
		F15BE63B2864669F00B1C8DF /* Build configuration list for PBXNativeTarget "MemorizeTests" */ = {
			isa = XCConfigurationList;
			buildConfigurations = (
				F15BE63C2864669F00B1C8DF /* Debug */,
				F15BE63D2864669F00B1C8DF /* Release */,
			);
			defaultConfigurationIsVisible = 0;
			defaultConfigurationName = Release;
		};
/* End XCConfigurationList section */
	};
	rootObject = F15BE6042863183800B1C8DF /* Project object */;
}
